// !$*UTF8*$!
{
	archiveVersion = 1;
	classes = {
	};
	objectVersion = 46;
	objects = {

/* Begin PBXBuildFile section */
		77BF9E761F33045D008A4735 /* main.m in Sources */ = {isa = PBXBuildFile; fileRef = 77BF9E751F33045D008A4735 /* main.m */; };
		77BF9E791F33045D008A4735 /* AppDelegate.m in Sources */ = {isa = PBXBuildFile; fileRef = 77BF9E781F33045D008A4735 /* AppDelegate.m */; };
		77BF9E811F33045D008A4735 /* Assets.xcassets in Resources */ = {isa = PBXBuildFile; fileRef = 77BF9E801F33045D008A4735 /* Assets.xcassets */; };
		77BF9E841F33045D008A4735 /* LaunchScreen.storyboard in Resources */ = {isa = PBXBuildFile; fileRef = 77BF9E821F33045D008A4735 /* LaunchScreen.storyboard */; };
		77BF9E971F3306E1008A4735 /* SJRecordVideoSession.m in Sources */ = {isa = PBXBuildFile; fileRef = 77BF9E961F3306E1008A4735 /* SJRecordVideoSession.m */; };
		77BF9E9A1F3306F2008A4735 /* AVAsset+Extension.m in Sources */ = {isa = PBXBuildFile; fileRef = 77BF9E991F3306F2008A4735 /* AVAsset+Extension.m */; };
		77BF9E9D1F330752008A4735 /* SJRecordViewController.m in Sources */ = {isa = PBXBuildFile; fileRef = 77BF9E9C1F330752008A4735 /* SJRecordViewController.m */; };
		77BF9EA61F33085C008A4735 /* SJRecordControlAreaView.m in Sources */ = {isa = PBXBuildFile; fileRef = 77BF9EA51F33085C008A4735 /* SJRecordControlAreaView.m */; };
		77BF9EA91F33088F008A4735 /* SJRecordControlHeaderView.m in Sources */ = {isa = PBXBuildFile; fileRef = 77BF9EA81F33088F008A4735 /* SJRecordControlHeaderView.m */; };
		77BF9EAD1F330A10008A4735 /* UIView+Extension.m in Sources */ = {isa = PBXBuildFile; fileRef = 77BF9EAC1F330A10008A4735 /* UIView+Extension.m */; };
		77BF9EB01F330C04008A4735 /* SJRecordVideoAssets.bundle in Resources */ = {isa = PBXBuildFile; fileRef = 77BF9EAF1F330C04008A4735 /* SJRecordVideoAssets.bundle */; };
		77BF9EB71F331DD4008A4735 /* NSTimer+Extension.m in Sources */ = {isa = PBXBuildFile; fileRef = 77BF9EB61F331DD4008A4735 /* NSTimer+Extension.m */; };
		77BF9EC01F3321C1008A4735 /* SJSelectRecordTimeView.m in Sources */ = {isa = PBXBuildFile; fileRef = 77BF9EBF1F3321C1008A4735 /* SJSelectRecordTimeView.m */; };
		77BF9EC31F3326AB008A4735 /* SJRecordNavigationController.m in Sources */ = {isa = PBXBuildFile; fileRef = 77BF9EC21F3326AB008A4735 /* SJRecordNavigationController.m */; };
		77BF9ED01F334254008A4735 /* SJViewController.m in Sources */ = {isa = PBXBuildFile; fileRef = 77BF9ECF1F334254008A4735 /* SJViewController.m */; };
		77BF9ED31F334514008A4735 /* SJVideoInfoEditingViewController.m in Sources */ = {isa = PBXBuildFile; fileRef = 77BF9ED21F334514008A4735 /* SJVideoInfoEditingViewController.m */; };
		77BF9EE21F334C8C008A4735 /* SJSelectLovalVideoViewController.m in Sources */ = {isa = PBXBuildFile; fileRef = 77BF9EE11F334C8C008A4735 /* SJSelectLovalVideoViewController.m */; };
		77BF9EE51F334CF0008A4735 /* SJLocalPreviewCollectionViewCell.m in Sources */ = {isa = PBXBuildFile; fileRef = 77BF9EE41F334CF0008A4735 /* SJLocalPreviewCollectionViewCell.m */; };
		77BF9EE91F334D37008A4735 /* SJLoalSelectVideoModel.m in Sources */ = {isa = PBXBuildFile; fileRef = 77BF9EE81F334D37008A4735 /* SJLoalSelectVideoModel.m */; };
		77BF9EEF1F335142008A4735 /* sample1.png in Resources */ = {isa = PBXBuildFile; fileRef = 77BF9EEA1F335142008A4735 /* sample1.png */; };
		77BF9EF21F335142008A4735 /* sample2.png in Resources */ = {isa = PBXBuildFile; fileRef = 77BF9EED1F335142008A4735 /* sample2.png */; };
		77BF9EF31F335142008A4735 /* sample3.png in Resources */ = {isa = PBXBuildFile; fileRef = 77BF9EEE1F335142008A4735 /* sample3.png */; };
		B0C482B4C68FF235FA94D27B /* libPods-SJRecordVideo.a in Frameworks */ = {isa = PBXBuildFile; fileRef = C06A814406A9E81060980631 /* libPods-SJRecordVideo.a */; };
/* End PBXBuildFile section */

/* Begin PBXFileReference section */
		77BF9E711F33045D008A4735 /* SJRecordVideo.app */ = {isa = PBXFileReference; explicitFileType = wrapper.application; includeInIndex = 0; path = SJRecordVideo.app; sourceTree = BUILT_PRODUCTS_DIR; };
		77BF9E751F33045D008A4735 /* main.m */ = {isa = PBXFileReference; lastKnownFileType = sourcecode.c.objc; path = main.m; sourceTree = "<group>"; };
		77BF9E771F33045D008A4735 /* AppDelegate.h */ = {isa = PBXFileReference; lastKnownFileType = sourcecode.c.h; path = AppDelegate.h; sourceTree = "<group>"; };
		77BF9E781F33045D008A4735 /* AppDelegate.m */ = {isa = PBXFileReference; lastKnownFileType = sourcecode.c.objc; path = AppDelegate.m; sourceTree = "<group>"; };
		77BF9E801F33045D008A4735 /* Assets.xcassets */ = {isa = PBXFileReference; lastKnownFileType = folder.assetcatalog; path = Assets.xcassets; sourceTree = "<group>"; };
		77BF9E831F33045D008A4735 /* Base */ = {isa = PBXFileReference; lastKnownFileType = file.storyboard; name = Base; path = Base.lproj/LaunchScreen.storyboard; sourceTree = "<group>"; };
		77BF9E851F33045D008A4735 /* Info.plist */ = {isa = PBXFileReference; lastKnownFileType = text.plist.xml; path = Info.plist; sourceTree = "<group>"; };
		77BF9E951F3306E1008A4735 /* SJRecordVideoSession.h */ = {isa = PBXFileReference; fileEncoding = 4; lastKnownFileType = sourcecode.c.h; path = SJRecordVideoSession.h; sourceTree = "<group>"; };
		77BF9E961F3306E1008A4735 /* SJRecordVideoSession.m */ = {isa = PBXFileReference; fileEncoding = 4; lastKnownFileType = sourcecode.c.objc; path = SJRecordVideoSession.m; sourceTree = "<group>"; };
		77BF9E981F3306F2008A4735 /* AVAsset+Extension.h */ = {isa = PBXFileReference; fileEncoding = 4; lastKnownFileType = sourcecode.c.h; path = "AVAsset+Extension.h"; sourceTree = "<group>"; };
		77BF9E991F3306F2008A4735 /* AVAsset+Extension.m */ = {isa = PBXFileReference; fileEncoding = 4; lastKnownFileType = sourcecode.c.objc; path = "AVAsset+Extension.m"; sourceTree = "<group>"; };
		77BF9E9B1F330752008A4735 /* SJRecordViewController.h */ = {isa = PBXFileReference; fileEncoding = 4; lastKnownFileType = sourcecode.c.h; path = SJRecordViewController.h; sourceTree = "<group>"; };
		77BF9E9C1F330752008A4735 /* SJRecordViewController.m */ = {isa = PBXFileReference; fileEncoding = 4; lastKnownFileType = sourcecode.c.objc; path = SJRecordViewController.m; sourceTree = "<group>"; };
		77BF9EA41F33085C008A4735 /* SJRecordControlAreaView.h */ = {isa = PBXFileReference; fileEncoding = 4; lastKnownFileType = sourcecode.c.h; path = SJRecordControlAreaView.h; sourceTree = "<group>"; };
		77BF9EA51F33085C008A4735 /* SJRecordControlAreaView.m */ = {isa = PBXFileReference; fileEncoding = 4; lastKnownFileType = sourcecode.c.objc; path = SJRecordControlAreaView.m; sourceTree = "<group>"; };
		77BF9EA71F33088F008A4735 /* SJRecordControlHeaderView.h */ = {isa = PBXFileReference; fileEncoding = 4; lastKnownFileType = sourcecode.c.h; path = SJRecordControlHeaderView.h; sourceTree = "<group>"; };
		77BF9EA81F33088F008A4735 /* SJRecordControlHeaderView.m */ = {isa = PBXFileReference; fileEncoding = 4; lastKnownFileType = sourcecode.c.objc; path = SJRecordControlHeaderView.m; sourceTree = "<group>"; };
		77BF9EAB1F330A10008A4735 /* UIView+Extension.h */ = {isa = PBXFileReference; fileEncoding = 4; lastKnownFileType = sourcecode.c.h; path = "UIView+Extension.h"; sourceTree = "<group>"; };
		77BF9EAC1F330A10008A4735 /* UIView+Extension.m */ = {isa = PBXFileReference; fileEncoding = 4; lastKnownFileType = sourcecode.c.objc; path = "UIView+Extension.m"; sourceTree = "<group>"; };
		77BF9EAF1F330C04008A4735 /* SJRecordVideoAssets.bundle */ = {isa = PBXFileReference; lastKnownFileType = "wrapper.plug-in"; path = SJRecordVideoAssets.bundle; sourceTree = "<group>"; };
		77BF9EB21F331BE5008A4735 /* SJRecordVideoHeader.h */ = {isa = PBXFileReference; lastKnownFileType = sourcecode.c.h; path = SJRecordVideoHeader.h; sourceTree = "<group>"; };
		77BF9EB41F331C94008A4735 /* SJRecordVideoSource.h */ = {isa = PBXFileReference; lastKnownFileType = sourcecode.c.h; path = SJRecordVideoSource.h; sourceTree = "<group>"; };
		77BF9EB51F331DD4008A4735 /* NSTimer+Extension.h */ = {isa = PBXFileReference; fileEncoding = 4; lastKnownFileType = sourcecode.c.h; path = "NSTimer+Extension.h"; sourceTree = "<group>"; };
		77BF9EB61F331DD4008A4735 /* NSTimer+Extension.m */ = {isa = PBXFileReference; fileEncoding = 4; lastKnownFileType = sourcecode.c.objc; path = "NSTimer+Extension.m"; sourceTree = "<group>"; };
		77BF9EBE1F3321C1008A4735 /* SJSelectRecordTimeView.h */ = {isa = PBXFileReference; fileEncoding = 4; lastKnownFileType = sourcecode.c.h; path = SJSelectRecordTimeView.h; sourceTree = "<group>"; };
		77BF9EBF1F3321C1008A4735 /* SJSelectRecordTimeView.m */ = {isa = PBXFileReference; fileEncoding = 4; lastKnownFileType = sourcecode.c.objc; path = SJSelectRecordTimeView.m; sourceTree = "<group>"; };
		77BF9EC11F3326AB008A4735 /* SJRecordNavigationController.h */ = {isa = PBXFileReference; fileEncoding = 4; lastKnownFileType = sourcecode.c.h; path = SJRecordNavigationController.h; sourceTree = "<group>"; };
		77BF9EC21F3326AB008A4735 /* SJRecordNavigationController.m */ = {isa = PBXFileReference; fileEncoding = 4; lastKnownFileType = sourcecode.c.objc; path = SJRecordNavigationController.m; sourceTree = "<group>"; };
		77BF9EC91F333E5D008A4735 /* SJRecordVideoEnumHeader.h */ = {isa = PBXFileReference; lastKnownFileType = sourcecode.c.h; path = SJRecordVideoEnumHeader.h; sourceTree = "<group>"; };
		77BF9ECE1F334254008A4735 /* SJViewController.h */ = {isa = PBXFileReference; fileEncoding = 4; lastKnownFileType = sourcecode.c.h; path = SJViewController.h; sourceTree = "<group>"; };
		77BF9ECF1F334254008A4735 /* SJViewController.m */ = {isa = PBXFileReference; fileEncoding = 4; lastKnownFileType = sourcecode.c.objc; path = SJViewController.m; sourceTree = "<group>"; };
		77BF9ED11F334514008A4735 /* SJVideoInfoEditingViewController.h */ = {isa = PBXFileReference; fileEncoding = 4; lastKnownFileType = sourcecode.c.h; path = SJVideoInfoEditingViewController.h; sourceTree = "<group>"; };
		77BF9ED21F334514008A4735 /* SJVideoInfoEditingViewController.m */ = {isa = PBXFileReference; fileEncoding = 4; lastKnownFileType = sourcecode.c.objc; path = SJVideoInfoEditingViewController.m; sourceTree = "<group>"; };
		77BF9EE01F334C8C008A4735 /* SJSelectLovalVideoViewController.h */ = {isa = PBXFileReference; fileEncoding = 4; lastKnownFileType = sourcecode.c.h; path = SJSelectLovalVideoViewController.h; sourceTree = "<group>"; };
		77BF9EE11F334C8C008A4735 /* SJSelectLovalVideoViewController.m */ = {isa = PBXFileReference; fileEncoding = 4; lastKnownFileType = sourcecode.c.objc; path = SJSelectLovalVideoViewController.m; sourceTree = "<group>"; };
		77BF9EE31F334CF0008A4735 /* SJLocalPreviewCollectionViewCell.h */ = {isa = PBXFileReference; fileEncoding = 4; lastKnownFileType = sourcecode.c.h; path = SJLocalPreviewCollectionViewCell.h; sourceTree = "<group>"; };
		77BF9EE41F334CF0008A4735 /* SJLocalPreviewCollectionViewCell.m */ = {isa = PBXFileReference; fileEncoding = 4; lastKnownFileType = sourcecode.c.objc; path = SJLocalPreviewCollectionViewCell.m; sourceTree = "<group>"; };
		77BF9EE71F334D37008A4735 /* SJLoalSelectVideoModel.h */ = {isa = PBXFileReference; fileEncoding = 4; lastKnownFileType = sourcecode.c.h; path = SJLoalSelectVideoModel.h; sourceTree = "<group>"; };
		77BF9EE81F334D37008A4735 /* SJLoalSelectVideoModel.m */ = {isa = PBXFileReference; fileEncoding = 4; lastKnownFileType = sourcecode.c.objc; path = SJLoalSelectVideoModel.m; sourceTree = "<group>"; };
		77BF9EEA1F335142008A4735 /* sample1.png */ = {isa = PBXFileReference; lastKnownFileType = image.png; path = sample1.png; sourceTree = "<group>"; };
		77BF9EED1F335142008A4735 /* sample2.png */ = {isa = PBXFileReference; lastKnownFileType = image.png; path = sample2.png; sourceTree = "<group>"; };
		77BF9EEE1F335142008A4735 /* sample3.png */ = {isa = PBXFileReference; lastKnownFileType = image.png; path = sample3.png; sourceTree = "<group>"; };
		962D501CD75708C1E48142E8 /* Pods-SJRecordVideo.debug.xcconfig */ = {isa = PBXFileReference; includeInIndex = 1; lastKnownFileType = text.xcconfig; name = "Pods-SJRecordVideo.debug.xcconfig"; path = "Pods/Target Support Files/Pods-SJRecordVideo/Pods-SJRecordVideo.debug.xcconfig"; sourceTree = "<group>"; };
		C06A814406A9E81060980631 /* libPods-SJRecordVideo.a */ = {isa = PBXFileReference; explicitFileType = archive.ar; includeInIndex = 0; path = "libPods-SJRecordVideo.a"; sourceTree = BUILT_PRODUCTS_DIR; };
		DC5BA3934B449C0167784770 /* Pods-SJRecordVideo.release.xcconfig */ = {isa = PBXFileReference; includeInIndex = 1; lastKnownFileType = text.xcconfig; name = "Pods-SJRecordVideo.release.xcconfig"; path = "Pods/Target Support Files/Pods-SJRecordVideo/Pods-SJRecordVideo.release.xcconfig"; sourceTree = "<group>"; };
/* End PBXFileReference section */

/* Begin PBXFrameworksBuildPhase section */
		77BF9E6E1F33045D008A4735 /* Frameworks */ = {
			isa = PBXFrameworksBuildPhase;
			buildActionMask = 2147483647;
			files = (
				B0C482B4C68FF235FA94D27B /* libPods-SJRecordVideo.a in Frameworks */,
			);
			runOnlyForDeploymentPostprocessing = 0;
		};
/* End PBXFrameworksBuildPhase section */

/* Begin PBXGroup section */
		77BF9E681F33045D008A4735 = {
			isa = PBXGroup;
			children = (
				77BF9E731F33045D008A4735 /* SJRecordVideo */,
				77BF9E721F33045D008A4735 /* Products */,
				F0DD29317491AB2EEDDD159F /* Pods */,
				F2EBEC973E4BC2747C7A821B /* Frameworks */,
			);
			sourceTree = "<group>";
		};
		77BF9E721F33045D008A4735 /* Products */ = {
			isa = PBXGroup;
			children = (
				77BF9E711F33045D008A4735 /* SJRecordVideo.app */,
			);
			name = Products;
			sourceTree = "<group>";
		};
		77BF9E731F33045D008A4735 /* SJRecordVideo */ = {
			isa = PBXGroup;
			children = (
				77BF9E771F33045D008A4735 /* AppDelegate.h */,
				77BF9E781F33045D008A4735 /* AppDelegate.m */,
				77BF9E8B1F330684008A4735 /* 工程文件 */,
				77BF9E741F33045D008A4735 /* Supporting Files */,
			);
			path = SJRecordVideo;
			sourceTree = "<group>";
		};
		77BF9E741F33045D008A4735 /* Supporting Files */ = {
			isa = PBXGroup;
			children = (
				77BF9E801F33045D008A4735 /* Assets.xcassets */,
				77BF9E821F33045D008A4735 /* LaunchScreen.storyboard */,
				77BF9E851F33045D008A4735 /* Info.plist */,
				77BF9E751F33045D008A4735 /* main.m */,
				77BF9EEA1F335142008A4735 /* sample1.png */,
				77BF9EED1F335142008A4735 /* sample2.png */,
				77BF9EEE1F335142008A4735 /* sample3.png */,
			);
			name = "Supporting Files";
			sourceTree = "<group>";
		};
		77BF9E8B1F330684008A4735 /* 工程文件 */ = {
			isa = PBXGroup;
			children = (
				77BF9EB21F331BE5008A4735 /* SJRecordVideoHeader.h */,
				77BF9ECE1F334254008A4735 /* SJViewController.h */,
				77BF9ECF1F334254008A4735 /* SJViewController.m */,
				77BF9E8C1F330684008A4735 /* 功能 */,
				77BF9E911F330694008A4735 /* 服务 */,
				77BF9EAE1F330BC1008A4735 /* 图片资源 */,
			);
			name = "工程文件";
			path = ProjectFiles;
			sourceTree = "<group>";
		};
		77BF9E8C1F330684008A4735 /* 功能 */ = {
			isa = PBXGroup;
			children = (
				77BF9E921F3306BC008A4735 /* 录制 */,
				77BF9ECA1F333EE7008A4735 /* 填写视频详情 */,
				77BF9EDD1F334C72008A4735 /* 本地视频 */,
				77BF9EAA1F330A04008A4735 /* Category */,
			);
			name = "功能";
			path = Functions;
			sourceTree = "<group>";
		};
		77BF9E911F330694008A4735 /* 服务 */ = {
			isa = PBXGroup;
			children = (
				77BF9E951F3306E1008A4735 /* SJRecordVideoSession.h */,
				77BF9E961F3306E1008A4735 /* SJRecordVideoSession.m */,
				77BF9E981F3306F2008A4735 /* AVAsset+Extension.h */,
				77BF9E991F3306F2008A4735 /* AVAsset+Extension.m */,
			);
			name = "服务";
			path = Services;
			sourceTree = "<group>";
		};
		77BF9E921F3306BC008A4735 /* 录制 */ = {
			isa = PBXGroup;
			children = (
				77BF9E931F3306BC008A4735 /* Controller */,
				77BF9E941F3306BC008A4735 /* View */,
				77BF9EC81F333E3A008A4735 /* Other */,
			);
			name = "录制";
			path = Record;
			sourceTree = "<group>";
		};
		77BF9E931F3306BC008A4735 /* Controller */ = {
			isa = PBXGroup;
			children = (
				77BF9E9B1F330752008A4735 /* SJRecordViewController.h */,
				77BF9E9C1F330752008A4735 /* SJRecordViewController.m */,
				77BF9EC11F3326AB008A4735 /* SJRecordNavigationController.h */,
				77BF9EC21F3326AB008A4735 /* SJRecordNavigationController.m */,
			);
			path = Controller;
			sourceTree = "<group>";
		};
		77BF9E941F3306BC008A4735 /* View */ = {
			isa = PBXGroup;
			children = (
				77BF9EA71F33088F008A4735 /* SJRecordControlHeaderView.h */,
				77BF9EA81F33088F008A4735 /* SJRecordControlHeaderView.m */,
				77BF9EA41F33085C008A4735 /* SJRecordControlAreaView.h */,
				77BF9EA51F33085C008A4735 /* SJRecordControlAreaView.m */,
				77BF9EBE1F3321C1008A4735 /* SJSelectRecordTimeView.h */,
				77BF9EBF1F3321C1008A4735 /* SJSelectRecordTimeView.m */,
			);
			path = View;
			sourceTree = "<group>";
		};
		77BF9EAA1F330A04008A4735 /* Category */ = {
			isa = PBXGroup;
			children = (
				77BF9EAB1F330A10008A4735 /* UIView+Extension.h */,
				77BF9EAC1F330A10008A4735 /* UIView+Extension.m */,
				77BF9EB51F331DD4008A4735 /* NSTimer+Extension.h */,
				77BF9EB61F331DD4008A4735 /* NSTimer+Extension.m */,
			);
			path = Category;
			sourceTree = "<group>";
		};
		77BF9EAE1F330BC1008A4735 /* 图片资源 */ = {
			isa = PBXGroup;
			children = (
				77BF9EB41F331C94008A4735 /* SJRecordVideoSource.h */,
				77BF9EAF1F330C04008A4735 /* SJRecordVideoAssets.bundle */,
			);
			name = "图片资源";
			path = Assets;
			sourceTree = "<group>";
		};
		77BF9EC81F333E3A008A4735 /* Other */ = {
			isa = PBXGroup;
			children = (
				77BF9EC91F333E5D008A4735 /* SJRecordVideoEnumHeader.h */,
			);
			path = Other;
			sourceTree = "<group>";
		};
		77BF9ECA1F333EE7008A4735 /* 填写视频详情 */ = {
			isa = PBXGroup;
			children = (
				77BF9ECB1F333EE7008A4735 /* Controller */,
			);
			name = "填写视频详情";
			path = Editing;
			sourceTree = "<group>";
		};
		77BF9ECB1F333EE7008A4735 /* Controller */ = {
			isa = PBXGroup;
			children = (
				77BF9ED11F334514008A4735 /* SJVideoInfoEditingViewController.h */,
				77BF9ED21F334514008A4735 /* SJVideoInfoEditingViewController.m */,
			);
			path = Controller;
			sourceTree = "<group>";
		};
		77BF9EDD1F334C72008A4735 /* 本地视频 */ = {
			isa = PBXGroup;
			children = (
				77BF9EDE1F334C72008A4735 /* Controller */,
				77BF9EDF1F334C72008A4735 /* View */,
				77BF9EE61F334D03008A4735 /* Model */,
			);
			name = "本地视频";
			path = Local;
			sourceTree = "<group>";
		};
		77BF9EDE1F334C72008A4735 /* Controller */ = {
			isa = PBXGroup;
			children = (
				77BF9EE01F334C8C008A4735 /* SJSelectLovalVideoViewController.h */,
				77BF9EE11F334C8C008A4735 /* SJSelectLovalVideoViewController.m */,
			);
			path = Controller;
			sourceTree = "<group>";
		};
		77BF9EDF1F334C72008A4735 /* View */ = {
			isa = PBXGroup;
			children = (
				77BF9EE31F334CF0008A4735 /* SJLocalPreviewCollectionViewCell.h */,
				77BF9EE41F334CF0008A4735 /* SJLocalPreviewCollectionViewCell.m */,
			);
			path = View;
			sourceTree = "<group>";
		};
		77BF9EE61F334D03008A4735 /* Model */ = {
			isa = PBXGroup;
			children = (
				77BF9EE71F334D37008A4735 /* SJLoalSelectVideoModel.h */,
				77BF9EE81F334D37008A4735 /* SJLoalSelectVideoModel.m */,
			);
			path = Model;
			sourceTree = "<group>";
		};
		F0DD29317491AB2EEDDD159F /* Pods */ = {
			isa = PBXGroup;
			children = (
				962D501CD75708C1E48142E8 /* Pods-SJRecordVideo.debug.xcconfig */,
				DC5BA3934B449C0167784770 /* Pods-SJRecordVideo.release.xcconfig */,
			);
			name = Pods;
			sourceTree = "<group>";
		};
		F2EBEC973E4BC2747C7A821B /* Frameworks */ = {
			isa = PBXGroup;
			children = (
				C06A814406A9E81060980631 /* libPods-SJRecordVideo.a */,
			);
			name = Frameworks;
			sourceTree = "<group>";
		};
/* End PBXGroup section */

/* Begin PBXNativeTarget section */
		77BF9E701F33045D008A4735 /* SJRecordVideo */ = {
			isa = PBXNativeTarget;
			buildConfigurationList = 77BF9E881F33045D008A4735 /* Build configuration list for PBXNativeTarget "SJRecordVideo" */;
			buildPhases = (
				2AC4E0A24C4A6CD78E2ED0F5 /* [CP] Check Pods Manifest.lock */,
				77BF9E6D1F33045D008A4735 /* Sources */,
				77BF9E6E1F33045D008A4735 /* Frameworks */,
				77BF9E6F1F33045D008A4735 /* Resources */,
				D217D87289D0E4B7599E72EA /* [CP] Embed Pods Frameworks */,
				0E1B9EDA9FF6F0CE90C456FF /* [CP] Copy Pods Resources */,
			);
			buildRules = (
			);
			dependencies = (
			);
			name = SJRecordVideo;
			productName = SJRecordVideo;
			productReference = 77BF9E711F33045D008A4735 /* SJRecordVideo.app */;
			productType = "com.apple.product-type.application";
		};
/* End PBXNativeTarget section */

/* Begin PBXProject section */
		77BF9E691F33045D008A4735 /* Project object */ = {
			isa = PBXProject;
			attributes = {
				CLASSPREFIX = SJ;
				LastUpgradeCheck = 0830;
				ORGANIZATIONNAME = SanJiang;
				TargetAttributes = {
					77BF9E701F33045D008A4735 = {
						CreatedOnToolsVersion = 8.3.2;
						DevelopmentTeam = DB5B5F2RH5;
						ProvisioningStyle = Manual;
					};
				};
			};
			buildConfigurationList = 77BF9E6C1F33045D008A4735 /* Build configuration list for PBXProject "SJRecordVideo" */;
			compatibilityVersion = "Xcode 3.2";
			developmentRegion = English;
			hasScannedForEncodings = 0;
			knownRegions = (
				en,
				Base,
			);
			mainGroup = 77BF9E681F33045D008A4735;
			productRefGroup = 77BF9E721F33045D008A4735 /* Products */;
			projectDirPath = "";
			projectRoot = "";
			targets = (
				77BF9E701F33045D008A4735 /* SJRecordVideo */,
			);
		};
/* End PBXProject section */

/* Begin PBXResourcesBuildPhase section */
		77BF9E6F1F33045D008A4735 /* Resources */ = {
			isa = PBXResourcesBuildPhase;
			buildActionMask = 2147483647;
			files = (
				77BF9E841F33045D008A4735 /* LaunchScreen.storyboard in Resources */,
				77BF9EF31F335142008A4735 /* sample3.png in Resources */,
				77BF9EEF1F335142008A4735 /* sample1.png in Resources */,
				77BF9E811F33045D008A4735 /* Assets.xcassets in Resources */,
				77BF9EB01F330C04008A4735 /* SJRecordVideoAssets.bundle in Resources */,
				77BF9EF21F335142008A4735 /* sample2.png in Resources */,
			);
			runOnlyForDeploymentPostprocessing = 0;
		};
/* End PBXResourcesBuildPhase section */

/* Begin PBXShellScriptBuildPhase section */
		0E1B9EDA9FF6F0CE90C456FF /* [CP] Copy Pods Resources */ = {
			isa = PBXShellScriptBuildPhase;
			buildActionMask = 2147483647;
			files = (
			);
			inputPaths = (
			);
			name = "[CP] Copy Pods Resources";
			outputPaths = (
			);
			runOnlyForDeploymentPostprocessing = 0;
			shellPath = /bin/sh;
			shellScript = "\"${SRCROOT}/Pods/Target Support Files/Pods-SJRecordVideo/Pods-SJRecordVideo-resources.sh\"\n";
			showEnvVarsInLog = 0;
		};
		2AC4E0A24C4A6CD78E2ED0F5 /* [CP] Check Pods Manifest.lock */ = {
			isa = PBXShellScriptBuildPhase;
			buildActionMask = 2147483647;
			files = (
			);
			inputPaths = (
			);
			name = "[CP] Check Pods Manifest.lock";
			outputPaths = (
			);
			runOnlyForDeploymentPostprocessing = 0;
			shellPath = /bin/sh;
			shellScript = "diff \"${PODS_ROOT}/../Podfile.lock\" \"${PODS_ROOT}/Manifest.lock\" > /dev/null\nif [ $? != 0 ] ; then\n    # print error to STDERR\n    echo \"error: The sandbox is not in sync with the Podfile.lock. Run 'pod install' or update your CocoaPods installation.\" >&2\n    exit 1\nfi\n";
			showEnvVarsInLog = 0;
		};
		D217D87289D0E4B7599E72EA /* [CP] Embed Pods Frameworks */ = {
			isa = PBXShellScriptBuildPhase;
			buildActionMask = 2147483647;
			files = (
			);
			inputPaths = (
			);
			name = "[CP] Embed Pods Frameworks";
			outputPaths = (
			);
			runOnlyForDeploymentPostprocessing = 0;
			shellPath = /bin/sh;
			shellScript = "\"${SRCROOT}/Pods/Target Support Files/Pods-SJRecordVideo/Pods-SJRecordVideo-frameworks.sh\"\n";
			showEnvVarsInLog = 0;
		};
/* End PBXShellScriptBuildPhase section */

/* Begin PBXSourcesBuildPhase section */
		77BF9E6D1F33045D008A4735 /* Sources */ = {
			isa = PBXSourcesBuildPhase;
			buildActionMask = 2147483647;
			files = (
				77BF9EE91F334D37008A4735 /* SJLoalSelectVideoModel.m in Sources */,
				77BF9EAD1F330A10008A4735 /* UIView+Extension.m in Sources */,
				77BF9ED01F334254008A4735 /* SJViewController.m in Sources */,
				77BF9EC01F3321C1008A4735 /* SJSelectRecordTimeView.m in Sources */,
				77BF9E971F3306E1008A4735 /* SJRecordVideoSession.m in Sources */,
				77BF9E9A1F3306F2008A4735 /* AVAsset+Extension.m in Sources */,
				77BF9ED31F334514008A4735 /* SJVideoInfoEditingViewController.m in Sources */,
				77BF9E9D1F330752008A4735 /* SJRecordViewController.m in Sources */,
				77BF9EA61F33085C008A4735 /* SJRecordControlAreaView.m in Sources */,
				77BF9EE21F334C8C008A4735 /* SJSelectLovalVideoViewController.m in Sources */,
				77BF9E791F33045D008A4735 /* AppDelegate.m in Sources */,
				77BF9E761F33045D008A4735 /* main.m in Sources */,
				77BF9EE51F334CF0008A4735 /* SJLocalPreviewCollectionViewCell.m in Sources */,
				77BF9EC31F3326AB008A4735 /* SJRecordNavigationController.m in Sources */,
				77BF9EB71F331DD4008A4735 /* NSTimer+Extension.m in Sources */,
				77BF9EA91F33088F008A4735 /* SJRecordControlHeaderView.m in Sources */,
			);
			runOnlyForDeploymentPostprocessing = 0;
		};
/* End PBXSourcesBuildPhase section */

/* Begin PBXVariantGroup section */
		77BF9E821F33045D008A4735 /* LaunchScreen.storyboard */ = {
			isa = PBXVariantGroup;
			children = (
				77BF9E831F33045D008A4735 /* Base */,
			);
			name = LaunchScreen.storyboard;
			sourceTree = "<group>";
		};
/* End PBXVariantGroup section */

/* Begin XCBuildConfiguration section */
		77BF9E861F33045D008A4735 /* Debug */ = {
			isa = XCBuildConfiguration;
			buildSettings = {
				ALWAYS_SEARCH_USER_PATHS = NO;
				CLANG_ANALYZER_NONNULL = YES;
				CLANG_ANALYZER_NUMBER_OBJECT_CONVERSION = YES_AGGRESSIVE;
				CLANG_CXX_LANGUAGE_STANDARD = "gnu++0x";
				CLANG_CXX_LIBRARY = "libc++";
				CLANG_ENABLE_MODULES = YES;
				CLANG_ENABLE_OBJC_ARC = YES;
				CLANG_WARN_BOOL_CONVERSION = YES;
				CLANG_WARN_CONSTANT_CONVERSION = YES;
				CLANG_WARN_DIRECT_OBJC_ISA_USAGE = YES_ERROR;
				CLANG_WARN_DOCUMENTATION_COMMENTS = YES;
				CLANG_WARN_EMPTY_BODY = YES;
				CLANG_WARN_ENUM_CONVERSION = YES;
				CLANG_WARN_INFINITE_RECURSION = YES;
				CLANG_WARN_INT_CONVERSION = YES;
				CLANG_WARN_OBJC_ROOT_CLASS = YES_ERROR;
				CLANG_WARN_SUSPICIOUS_MOVE = YES;
				CLANG_WARN_UNREACHABLE_CODE = YES;
				CLANG_WARN__DUPLICATE_METHOD_MATCH = YES;
				"CODE_SIGN_IDENTITY[sdk=iphoneos*]" = "iPhone Developer";
				COPY_PHASE_STRIP = NO;
				DEBUG_INFORMATION_FORMAT = dwarf;
				ENABLE_STRICT_OBJC_MSGSEND = YES;
				ENABLE_TESTABILITY = YES;
				GCC_C_LANGUAGE_STANDARD = gnu99;
				GCC_DYNAMIC_NO_PIC = NO;
				GCC_NO_COMMON_BLOCKS = YES;
				GCC_OPTIMIZATION_LEVEL = 0;
				GCC_PREPROCESSOR_DEFINITIONS = (
					"DEBUG=1",
					"$(inherited)",
				);
				GCC_WARN_64_TO_32_BIT_CONVERSION = YES;
				GCC_WARN_ABOUT_RETURN_TYPE = YES_ERROR;
				GCC_WARN_UNDECLARED_SELECTOR = YES;
				GCC_WARN_UNINITIALIZED_AUTOS = YES_AGGRESSIVE;
				GCC_WARN_UNUSED_FUNCTION = YES;
				GCC_WARN_UNUSED_VARIABLE = YES;
				IPHONEOS_DEPLOYMENT_TARGET = 10.3;
				MTL_ENABLE_DEBUG_INFO = YES;
				ONLY_ACTIVE_ARCH = YES;
				SDKROOT = iphoneos;
				TARGETED_DEVICE_FAMILY = "1,2";
			};
			name = Debug;
		};
		77BF9E871F33045D008A4735 /* Release */ = {
			isa = XCBuildConfiguration;
			buildSettings = {
				ALWAYS_SEARCH_USER_PATHS = NO;
				CLANG_ANALYZER_NONNULL = YES;
				CLANG_ANALYZER_NUMBER_OBJECT_CONVERSION = YES_AGGRESSIVE;
				CLANG_CXX_LANGUAGE_STANDARD = "gnu++0x";
				CLANG_CXX_LIBRARY = "libc++";
				CLANG_ENABLE_MODULES = YES;
				CLANG_ENABLE_OBJC_ARC = YES;
				CLANG_WARN_BOOL_CONVERSION = YES;
				CLANG_WARN_CONSTANT_CONVERSION = YES;
				CLANG_WARN_DIRECT_OBJC_ISA_USAGE = YES_ERROR;
				CLANG_WARN_DOCUMENTATION_COMMENTS = YES;
				CLANG_WARN_EMPTY_BODY = YES;
				CLANG_WARN_ENUM_CONVERSION = YES;
				CLANG_WARN_INFINITE_RECURSION = YES;
				CLANG_WARN_INT_CONVERSION = YES;
				CLANG_WARN_OBJC_ROOT_CLASS = YES_ERROR;
				CLANG_WARN_SUSPICIOUS_MOVE = YES;
				CLANG_WARN_UNREACHABLE_CODE = YES;
				CLANG_WARN__DUPLICATE_METHOD_MATCH = YES;
				"CODE_SIGN_IDENTITY[sdk=iphoneos*]" = "iPhone Developer";
				COPY_PHASE_STRIP = NO;
				DEBUG_INFORMATION_FORMAT = "dwarf-with-dsym";
				ENABLE_NS_ASSERTIONS = NO;
				ENABLE_STRICT_OBJC_MSGSEND = YES;
				GCC_C_LANGUAGE_STANDARD = gnu99;
				GCC_NO_COMMON_BLOCKS = YES;
				GCC_WARN_64_TO_32_BIT_CONVERSION = YES;
				GCC_WARN_ABOUT_RETURN_TYPE = YES_ERROR;
				GCC_WARN_UNDECLARED_SELECTOR = YES;
				GCC_WARN_UNINITIALIZED_AUTOS = YES_AGGRESSIVE;
				GCC_WARN_UNUSED_FUNCTION = YES;
				GCC_WARN_UNUSED_VARIABLE = YES;
				IPHONEOS_DEPLOYMENT_TARGET = 10.3;
				MTL_ENABLE_DEBUG_INFO = NO;
				SDKROOT = iphoneos;
				TARGETED_DEVICE_FAMILY = "1,2";
				VALIDATE_PRODUCT = YES;
			};
			name = Release;
		};
		77BF9E891F33045D008A4735 /* Debug */ = {
			isa = XCBuildConfiguration;
			baseConfigurationReference = 962D501CD75708C1E48142E8 /* Pods-SJRecordVideo.debug.xcconfig */;
			buildSettings = {
				ASSETCATALOG_COMPILER_APPICON_NAME = AppIcon;
				DEVELOPMENT_TEAM = DB5B5F2RH5;
				INFOPLIST_FILE = SJRecordVideo/Info.plist;
				IPHONEOS_DEPLOYMENT_TARGET = 8.0;
				LD_RUNPATH_SEARCH_PATHS = "$(inherited) @executable_path/Frameworks";
				PRODUCT_BUNDLE_IDENTIFIER = com.SanJiang.SJRecordVideo;
				PRODUCT_NAME = "$(TARGET_NAME)";
				PROVISIONING_PROFILE = "69b03a16-4788-4a83-b37a-fb5f44a68a15";
				PROVISIONING_PROFILE_SPECIFIER = SanJiangDevelopment;
			};
			name = Debug;
		};
		77BF9E8A1F33045D008A4735 /* Release */ = {
			isa = XCBuildConfiguration;
			baseConfigurationReference = DC5BA3934B449C0167784770 /* Pods-SJRecordVideo.release.xcconfig */;
			buildSettings = {
				ASSETCATALOG_COMPILER_APPICON_NAME = AppIcon;
				DEVELOPMENT_TEAM = DB5B5F2RH5;
				INFOPLIST_FILE = SJRecordVideo/Info.plist;
				IPHONEOS_DEPLOYMENT_TARGET = 8.0;
				LD_RUNPATH_SEARCH_PATHS = "$(inherited) @executable_path/Frameworks";
				PRODUCT_BUNDLE_IDENTIFIER = com.SanJiang.SJRecordVideo;
				PRODUCT_NAME = "$(TARGET_NAME)";
				PROVISIONING_PROFILE = "69b03a16-4788-4a83-b37a-fb5f44a68a15";
				PROVISIONING_PROFILE_SPECIFIER = SanJiangDevelopment;
			};
			name = Release;
		};
/* End XCBuildConfiguration section */

/* Begin XCConfigurationList section */
		77BF9E6C1F33045D008A4735 /* Build configuration list for PBXProject "SJRecordVideo" */ = {
			isa = XCConfigurationList;
			buildConfigurations = (
				77BF9E861F33045D008A4735 /* Debug */,
				77BF9E871F33045D008A4735 /* Release */,
			);
			defaultConfigurationIsVisible = 0;
			defaultConfigurationName = Release;
		};
		77BF9E881F33045D008A4735 /* Build configuration list for PBXNativeTarget "SJRecordVideo" */ = {
			isa = XCConfigurationList;
			buildConfigurations = (
				77BF9E891F33045D008A4735 /* Debug */,
				77BF9E8A1F33045D008A4735 /* Release */,
			);
			defaultConfigurationIsVisible = 0;
			defaultConfigurationName = Release;
		};
/* End XCConfigurationList section */
	};
	rootObject = 77BF9E691F33045D008A4735 /* Project object */;
}
